# This file is automatically @generated by Wally.
# It is not intended for manual editing.
registry = "test"

[[package]]
name = "boatbomber/highlighter"
version = "0.8.3"
dependencies = []

[[package]]
name = "elttob/fusion"
version = "0.2.0"
dependencies = []

[[package]]
name = "sleitnick/trove"
version = "1.4.0"
dependencies = []

[[package]]
name = "ultrasonic1209/zappy"
version = "0.2.0"
dependencies = [["Fusion", "elttob/fusion@0.2.0"], ["Highlighter", "boatbomber/highlighter@0.8.3"], ["Trove", "sleitnick/trove@1.4.0"]]
