# This file is automatically @generated by Wally.
# It is not intended for manual editing.
registry = "test"

[[package]]
name = "boatbomber/highlighter"
version = "0.9.0"
dependencies = []

[[package]]
name = "elttob/fusion"
version = "0.2.0"
dependencies = []

[[package]]
name = "itsfrank/frktest"
version = "0.0.2"
dependencies = []

[[package]]
name = "ultrasonic1209/zappy"
version = "0.1.18"
dependencies = [["Fusion", "elttob/fusion@0.2.0"], ["Highlighter", "boatbomber/highlighter@0.9.0"], ["frktest", "itsfrank/frktest@0.0.2"]]
